// !$*UTF8*$!
{
	archiveVersion = 1;
	classes = {
	};
	objectVersion = 56;
	objects = {

/* Begin PBXBuildFile section */
		4E02211A2A850D0C00B26C11 /* AppDelegate.m in Sources */ = {isa = PBXBuildFile; fileRef = 4E0221192A850D0C00B26C11 /* AppDelegate.m */; };
		4E02211D2A850D0C00B26C11 /* ViewController.m in Sources */ = {isa = PBXBuildFile; fileRef = 4E02211C2A850D0C00B26C11 /* ViewController.m */; };
		4E02211F2A850D0E00B26C11 /* Assets.xcassets in Resources */ = {isa = PBXBuildFile; fileRef = 4E02211E2A850D0E00B26C11 /* Assets.xcassets */; };
		4E0221222A850D0E00B26C11 /* Main.storyboard in Resources */ = {isa = PBXBuildFile; fileRef = 4E0221202A850D0E00B26C11 /* Main.storyboard */; };
		4E0221242A850D0E00B26C11 /* main.m in Sources */ = {isa = PBXBuildFile; fileRef = 4E0221232A850D0E00B26C11 /* main.m */; };
		4E02212F2A850D0E00B26C11 /* Object_Instance_Variables_And_PropertiesTests.m in Sources */ = {isa = PBXBuildFile; fileRef = 4E02212E2A850D0E00B26C11 /* Object_Instance_Variables_And_PropertiesTests.m */; };
		4E0221392A850D0E00B26C11 /* Object_Instance_Variables_And_PropertiesUITests.m in Sources */ = {isa = PBXBuildFile; fileRef = 4E0221382A850D0E00B26C11 /* Object_Instance_Variables_And_PropertiesUITests.m */; };
		4E02213B2A850D0E00B26C11 /* Object_Instance_Variables_And_PropertiesUITestsLaunchTests.m in Sources */ = {isa = PBXBuildFile; fileRef = 4E02213A2A850D0E00B26C11 /* Object_Instance_Variables_And_PropertiesUITestsLaunchTests.m */; };
/* End PBXBuildFile section */

/* Begin PBXContainerItemProxy section */
		4E02212B2A850D0E00B26C11 /* PBXContainerItemProxy */ = {
			isa = PBXContainerItemProxy;
			containerPortal = 4E02210D2A850D0C00B26C11 /* Project object */;
			proxyType = 1;
			remoteGlobalIDString = 4E0221142A850D0C00B26C11;
			remoteInfo = "Object-Instance-Variables-And-Properties";
		};
		4E0221352A850D0E00B26C11 /* PBXContainerItemProxy */ = {
			isa = PBXContainerItemProxy;
			containerPortal = 4E02210D2A850D0C00B26C11 /* Project object */;
			proxyType = 1;
			remoteGlobalIDString = 4E0221142A850D0C00B26C11;
			remoteInfo = "Object-Instance-Variables-And-Properties";
		};
/* End PBXContainerItemProxy section */

/* Begin PBXFileReference section */
		4E0221152A850D0C00B26C11 /* Object-Instance-Variables-And-Properties.app */ = {isa = PBXFileReference; explicitFileType = wrapper.application; includeInIndex = 0; path = "Object-Instance-Variables-And-Properties.app"; sourceTree = BUILT_PRODUCTS_DIR; };
		4E0221182A850D0C00B26C11 /* AppDelegate.h */ = {isa = PBXFileReference; lastKnownFileType = sourcecode.c.h; path = AppDelegate.h; sourceTree = "<group>"; };
		4E0221192A850D0C00B26C11 /* AppDelegate.m */ = {isa = PBXFileReference; lastKnownFileType = sourcecode.c.objc; path = AppDelegate.m; sourceTree = "<group>"; };
		4E02211B2A850D0C00B26C11 /* ViewController.h */ = {isa = PBXFileReference; lastKnownFileType = sourcecode.c.h; path = ViewController.h; sourceTree = "<group>"; };
		4E02211C2A850D0C00B26C11 /* ViewController.m */ = {isa = PBXFileReference; lastKnownFileType = sourcecode.c.objc; path = ViewController.m; sourceTree = "<group>"; };
		4E02211E2A850D0E00B26C11 /* Assets.xcassets */ = {isa = PBXFileReference; lastKnownFileType = folder.assetcatalog; path = Assets.xcassets; sourceTree = "<group>"; };
		4E0221212A850D0E00B26C11 /* Base */ = {isa = PBXFileReference; lastKnownFileType = file.storyboard; name = Base; path = Base.lproj/Main.storyboard; sourceTree = "<group>"; };
		4E0221232A850D0E00B26C11 /* main.m */ = {isa = PBXFileReference; lastKnownFileType = sourcecode.c.objc; path = main.m; sourceTree = "<group>"; };
		4E0221252A850D0E00B26C11 /* Object_Instance_Variables_And_Properties.entitlements */ = {isa = PBXFileReference; lastKnownFileType = text.plist.entitlements; path = Object_Instance_Variables_And_Properties.entitlements; sourceTree = "<group>"; };
		4E02212A2A850D0E00B26C11 /* Object-Instance-Variables-And-PropertiesTests.xctest */ = {isa = PBXFileReference; explicitFileType = wrapper.cfbundle; includeInIndex = 0; path = "Object-Instance-Variables-And-PropertiesTests.xctest"; sourceTree = BUILT_PRODUCTS_DIR; };
		4E02212E2A850D0E00B26C11 /* Object_Instance_Variables_And_PropertiesTests.m */ = {isa = PBXFileReference; lastKnownFileType = sourcecode.c.objc; path = Object_Instance_Variables_And_PropertiesTests.m; sourceTree = "<group>"; };
		4E0221342A850D0E00B26C11 /* Object-Instance-Variables-And-PropertiesUITests.xctest */ = {isa = PBXFileReference; explicitFileType = wrapper.cfbundle; includeInIndex = 0; path = "Object-Instance-Variables-And-PropertiesUITests.xctest"; sourceTree = BUILT_PRODUCTS_DIR; };
		4E0221382A850D0E00B26C11 /* Object_Instance_Variables_And_PropertiesUITests.m */ = {isa = PBXFileReference; lastKnownFileType = sourcecode.c.objc; path = Object_Instance_Variables_And_PropertiesUITests.m; sourceTree = "<group>"; };
		4E02213A2A850D0E00B26C11 /* Object_Instance_Variables_And_PropertiesUITestsLaunchTests.m */ = {isa = PBXFileReference; lastKnownFileType = sourcecode.c.objc; path = Object_Instance_Variables_And_PropertiesUITestsLaunchTests.m; sourceTree = "<group>"; };
/* End PBXFileReference section */

/* Begin PBXFrameworksBuildPhase section */
		4E0221122A850D0C00B26C11 /* Frameworks */ = {
			isa = PBXFrameworksBuildPhase;
			buildActionMask = 2147483647;
			files = (
			);
			runOnlyForDeploymentPostprocessing = 0;
		};
		4E0221272A850D0E00B26C11 /* Frameworks */ = {
			isa = PBXFrameworksBuildPhase;
			buildActionMask = 2147483647;
			files = (
			);
			runOnlyForDeploymentPostprocessing = 0;
		};
		4E0221312A850D0E00B26C11 /* Frameworks */ = {
			isa = PBXFrameworksBuildPhase;
			buildActionMask = 2147483647;
			files = (
			);
			runOnlyForDeploymentPostprocessing = 0;
		};
/* End PBXFrameworksBuildPhase section */

/* Begin PBXGroup section */
		4E02210C2A850D0C00B26C11 = {
			isa = PBXGroup;
			children = (
				4E0221172A850D0C00B26C11 /* Object-Instance-Variables-And-Properties */,
				4E02212D2A850D0E00B26C11 /* Object-Instance-Variables-And-PropertiesTests */,
				4E0221372A850D0E00B26C11 /* Object-Instance-Variables-And-PropertiesUITests */,
				4E0221162A850D0C00B26C11 /* Products */,
			);
			sourceTree = "<group>";
		};
		4E0221162A850D0C00B26C11 /* Products */ = {
			isa = PBXGroup;
			children = (
				4E0221152A850D0C00B26C11 /* Object-Instance-Variables-And-Properties.app */,
				4E02212A2A850D0E00B26C11 /* Object-Instance-Variables-And-PropertiesTests.xctest */,
				4E0221342A850D0E00B26C11 /* Object-Instance-Variables-And-PropertiesUITests.xctest */,
			);
			name = Products;
			sourceTree = "<group>";
		};
		4E0221172A850D0C00B26C11 /* Object-Instance-Variables-And-Properties */ = {
			isa = PBXGroup;
			children = (
				4E0221182A850D0C00B26C11 /* AppDelegate.h */,
				4E0221192A850D0C00B26C11 /* AppDelegate.m */,
				4E02211B2A850D0C00B26C11 /* ViewController.h */,
				4E02211C2A850D0C00B26C11 /* ViewController.m */,
				4E02211E2A850D0E00B26C11 /* Assets.xcassets */,
				4E0221202A850D0E00B26C11 /* Main.storyboard */,
				4E0221232A850D0E00B26C11 /* main.m */,
				4E0221252A850D0E00B26C11 /* Object_Instance_Variables_And_Properties.entitlements */,
			);
			path = "Object-Instance-Variables-And-Properties";
			sourceTree = "<group>";
		};
		4E02212D2A850D0E00B26C11 /* Object-Instance-Variables-And-PropertiesTests */ = {
			isa = PBXGroup;
			children = (
				4E02212E2A850D0E00B26C11 /* Object_Instance_Variables_And_PropertiesTests.m */,
			);
			path = "Object-Instance-Variables-And-PropertiesTests";
			sourceTree = "<group>";
		};
		4E0221372A850D0E00B26C11 /* Object-Instance-Variables-And-PropertiesUITests */ = {
			isa = PBXGroup;
			children = (
				4E0221382A850D0E00B26C11 /* Object_Instance_Variables_And_PropertiesUITests.m */,
				4E02213A2A850D0E00B26C11 /* Object_Instance_Variables_And_PropertiesUITestsLaunchTests.m */,
			);
			path = "Object-Instance-Variables-And-PropertiesUITests";
			sourceTree = "<group>";
		};
/* End PBXGroup section */

/* Begin PBXNativeTarget section */
		4E0221142A850D0C00B26C11 /* Object-Instance-Variables-And-Properties */ = {
			isa = PBXNativeTarget;
			buildConfigurationList = 4E02213E2A850D0E00B26C11 /* Build configuration list for PBXNativeTarget "Object-Instance-Variables-And-Properties" */;
			buildPhases = (
				4E0221112A850D0C00B26C11 /* Sources */,
				4E0221122A850D0C00B26C11 /* Frameworks */,
				4E0221132A850D0C00B26C11 /* Resources */,
			);
			buildRules = (
			);
			dependencies = (
			);
			name = "Object-Instance-Variables-And-Properties";
			productName = "Object-Instance-Variables-And-Properties";
			productReference = 4E0221152A850D0C00B26C11 /* Object-Instance-Variables-And-Properties.app */;
			productType = "com.apple.product-type.application";
		};
		4E0221292A850D0E00B26C11 /* Object-Instance-Variables-And-PropertiesTests */ = {
			isa = PBXNativeTarget;
			buildConfigurationList = 4E0221412A850D0E00B26C11 /* Build configuration list for PBXNativeTarget "Object-Instance-Variables-And-PropertiesTests" */;
			buildPhases = (
				4E0221262A850D0E00B26C11 /* Sources */,
				4E0221272A850D0E00B26C11 /* Frameworks */,
				4E0221282A850D0E00B26C11 /* Resources */,
			);
			buildRules = (
			);
			dependencies = (
				4E02212C2A850D0E00B26C11 /* PBXTargetDependency */,
			);
			name = "Object-Instance-Variables-And-PropertiesTests";
			productName = "Object-Instance-Variables-And-PropertiesTests";
			productReference = 4E02212A2A850D0E00B26C11 /* Object-Instance-Variables-And-PropertiesTests.xctest */;
			productType = "com.apple.product-type.bundle.unit-test";
		};
		4E0221332A850D0E00B26C11 /* Object-Instance-Variables-And-PropertiesUITests */ = {
			isa = PBXNativeTarget;
			buildConfigurationList = 4E0221442A850D0E00B26C11 /* Build configuration list for PBXNativeTarget "Object-Instance-Variables-And-PropertiesUITests" */;
			buildPhases = (
				4E0221302A850D0E00B26C11 /* Sources */,
				4E0221312A850D0E00B26C11 /* Frameworks */,
				4E0221322A850D0E00B26C11 /* Resources */,
			);
			buildRules = (
			);
			dependencies = (
				4E0221362A850D0E00B26C11 /* PBXTargetDependency */,
			);
			name = "Object-Instance-Variables-And-PropertiesUITests";
			productName = "Object-Instance-Variables-And-PropertiesUITests";
			productReference = 4E0221342A850D0E00B26C11 /* Object-Instance-Variables-And-PropertiesUITests.xctest */;
			productType = "com.apple.product-type.bundle.ui-testing";
		};
/* End PBXNativeTarget section */

/* Begin PBXProject section */
		4E02210D2A850D0C00B26C11 /* Project object */ = {
			isa = PBXProject;
			attributes = {
				BuildIndependentTargetsInParallel = 1;
				LastUpgradeCheck = 1420;
				TargetAttributes = {
					4E0221142A850D0C00B26C11 = {
						CreatedOnToolsVersion = 14.2;
					};
					4E0221292A850D0E00B26C11 = {
						CreatedOnToolsVersion = 14.2;
						TestTargetID = 4E0221142A850D0C00B26C11;
					};
					4E0221332A850D0E00B26C11 = {
						CreatedOnToolsVersion = 14.2;
						TestTargetID = 4E0221142A850D0C00B26C11;
					};
				};
			};
			buildConfigurationList = 4E0221102A850D0C00B26C11 /* Build configuration list for PBXProject "Object-Instance-Variables-And-Properties" */;
			compatibilityVersion = "Xcode 14.0";
			developmentRegion = en;
			hasScannedForEncodings = 0;
			knownRegions = (
				en,
				Base,
			);
			mainGroup = 4E02210C2A850D0C00B26C11;
			productRefGroup = 4E0221162A850D0C00B26C11 /* Products */;
			projectDirPath = "";
			projectRoot = "";
			targets = (
				4E0221142A850D0C00B26C11 /* Object-Instance-Variables-And-Properties */,
				4E0221292A850D0E00B26C11 /* Object-Instance-Variables-And-PropertiesTests */,
				4E0221332A850D0E00B26C11 /* Object-Instance-Variables-And-PropertiesUITests */,
			);
		};
/* End PBXProject section */

/* Begin PBXResourcesBuildPhase section */
		4E0221132A850D0C00B26C11 /* Resources */ = {
			isa = PBXResourcesBuildPhase;
			buildActionMask = 2147483647;
			files = (
				4E02211F2A850D0E00B26C11 /* Assets.xcassets in Resources */,
				4E0221222A850D0E00B26C11 /* Main.storyboard in Resources */,
			);
			runOnlyForDeploymentPostprocessing = 0;
		};
		4E0221282A850D0E00B26C11 /* Resources */ = {
			isa = PBXResourcesBuildPhase;
			buildActionMask = 2147483647;
			files = (
			);
			runOnlyForDeploymentPostprocessing = 0;
		};
		4E0221322A850D0E00B26C11 /* Resources */ = {
			isa = PBXResourcesBuildPhase;
			buildActionMask = 2147483647;
			files = (
			);
			runOnlyForDeploymentPostprocessing = 0;
		};
/* End PBXResourcesBuildPhase section */

/* Begin PBXSourcesBuildPhase section */
		4E0221112A850D0C00B26C11 /* Sources */ = {
			isa = PBXSourcesBuildPhase;
			buildActionMask = 2147483647;
			files = (
				4E02211D2A850D0C00B26C11 /* ViewController.m in Sources */,
				4E0221242A850D0E00B26C11 /* main.m in Sources */,
				4E02211A2A850D0C00B26C11 /* AppDelegate.m in Sources */,
			);
			runOnlyForDeploymentPostprocessing = 0;
		};
		4E0221262A850D0E00B26C11 /* Sources */ = {
			isa = PBXSourcesBuildPhase;
			buildActionMask = 2147483647;
			files = (
				4E02212F2A850D0E00B26C11 /* Object_Instance_Variables_And_PropertiesTests.m in Sources */,
			);
			runOnlyForDeploymentPostprocessing = 0;
		};
		4E0221302A850D0E00B26C11 /* Sources */ = {
			isa = PBXSourcesBuildPhase;
			buildActionMask = 2147483647;
			files = (
				4E0221392A850D0E00B26C11 /* Object_Instance_Variables_And_PropertiesUITests.m in Sources */,
				4E02213B2A850D0E00B26C11 /* Object_Instance_Variables_And_PropertiesUITestsLaunchTests.m in Sources */,
			);
			runOnlyForDeploymentPostprocessing = 0;
		};
/* End PBXSourcesBuildPhase section */

/* Begin PBXTargetDependency section */
		4E02212C2A850D0E00B26C11 /* PBXTargetDependency */ = {
			isa = PBXTargetDependency;
			target = 4E0221142A850D0C00B26C11 /* Object-Instance-Variables-And-Properties */;
			targetProxy = 4E02212B2A850D0E00B26C11 /* PBXContainerItemProxy */;
		};
		4E0221362A850D0E00B26C11 /* PBXTargetDependency */ = {
			isa = PBXTargetDependency;
			target = 4E0221142A850D0C00B26C11 /* Object-Instance-Variables-And-Properties */;
			targetProxy = 4E0221352A850D0E00B26C11 /* PBXContainerItemProxy */;
		};
/* End PBXTargetDependency section */

/* Begin PBXVariantGroup section */
		4E0221202A850D0E00B26C11 /* Main.storyboard */ = {
			isa = PBXVariantGroup;
			children = (
				4E0221212A850D0E00B26C11 /* Base */,
			);
			name = Main.storyboard;
			sourceTree = "<group>";
		};
/* End PBXVariantGroup section */

/* Begin XCBuildConfiguration section */
		4E02213C2A850D0E00B26C11 /* Debug */ = {
			isa = XCBuildConfiguration;
			buildSettings = {
				ALWAYS_SEARCH_USER_PATHS = NO;
				CLANG_ANALYZER_NONNULL = YES;
				CLANG_ANALYZER_NUMBER_OBJECT_CONVERSION = YES_AGGRESSIVE;
				CLANG_CXX_LANGUAGE_STANDARD = "gnu++20";
				CLANG_ENABLE_MODULES = YES;
				CLANG_ENABLE_OBJC_ARC = YES;
				CLANG_ENABLE_OBJC_WEAK = YES;
				CLANG_WARN_BLOCK_CAPTURE_AUTORELEASING = YES;
				CLANG_WARN_BOOL_CONVERSION = YES;
				CLANG_WARN_COMMA = YES;
				CLANG_WARN_CONSTANT_CONVERSION = YES;
				CLANG_WARN_DEPRECATED_OBJC_IMPLEMENTATIONS = YES;
				CLANG_WARN_DIRECT_OBJC_ISA_USAGE = YES_ERROR;
				CLANG_WARN_DOCUMENTATION_COMMENTS = YES;
				CLANG_WARN_EMPTY_BODY = YES;
				CLANG_WARN_ENUM_CONVERSION = YES;
				CLANG_WARN_INFINITE_RECURSION = YES;
				CLANG_WARN_INT_CONVERSION = YES;
				CLANG_WARN_NON_LITERAL_NULL_CONVERSION = YES;
				CLANG_WARN_OBJC_IMPLICIT_RETAIN_SELF = YES;
				CLANG_WARN_OBJC_LITERAL_CONVERSION = YES;
				CLANG_WARN_OBJC_ROOT_CLASS = YES_ERROR;
				CLANG_WARN_QUOTED_INCLUDE_IN_FRAMEWORK_HEADER = YES;
				CLANG_WARN_RANGE_LOOP_ANALYSIS = YES;
				CLANG_WARN_STRICT_PROTOTYPES = YES;
				CLANG_WARN_SUSPICIOUS_MOVE = YES;
				CLANG_WARN_UNGUARDED_AVAILABILITY = YES_AGGRESSIVE;
				CLANG_WARN_UNREACHABLE_CODE = YES;
				CLANG_WARN__DUPLICATE_METHOD_MATCH = YES;
				COPY_PHASE_STRIP = NO;
				DEBUG_INFORMATION_FORMAT = dwarf;
				ENABLE_STRICT_OBJC_MSGSEND = YES;
				ENABLE_TESTABILITY = YES;
				GCC_C_LANGUAGE_STANDARD = gnu11;
				GCC_DYNAMIC_NO_PIC = NO;
				GCC_NO_COMMON_BLOCKS = YES;
				GCC_OPTIMIZATION_LEVEL = 0;
				GCC_PREPROCESSOR_DEFINITIONS = (
					"DEBUG=1",
					"$(inherited)",
				);
				GCC_WARN_64_TO_32_BIT_CONVERSION = YES;
				GCC_WARN_ABOUT_RETURN_TYPE = YES_ERROR;
				GCC_WARN_UNDECLARED_SELECTOR = YES;
				GCC_WARN_UNINITIALIZED_AUTOS = YES_AGGRESSIVE;
				GCC_WARN_UNUSED_FUNCTION = YES;
				GCC_WARN_UNUSED_VARIABLE = YES;
				MACOSX_DEPLOYMENT_TARGET = 13.1;
				MTL_ENABLE_DEBUG_INFO = INCLUDE_SOURCE;
				MTL_FAST_MATH = YES;
				ONLY_ACTIVE_ARCH = YES;
				SDKROOT = macosx;
			};
			name = Debug;
		};
		4E02213D2A850D0E00B26C11 /* Release */ = {
			isa = XCBuildConfiguration;
			buildSettings = {
				ALWAYS_SEARCH_USER_PATHS = NO;
				CLANG_ANALYZER_NONNULL = YES;
				CLANG_ANALYZER_NUMBER_OBJECT_CONVERSION = YES_AGGRESSIVE;
				CLANG_CXX_LANGUAGE_STANDARD = "gnu++20";
				CLANG_ENABLE_MODULES = YES;
				CLANG_ENABLE_OBJC_ARC = YES;
				CLANG_ENABLE_OBJC_WEAK = YES;
				CLANG_WARN_BLOCK_CAPTURE_AUTORELEASING = YES;
				CLANG_WARN_BOOL_CONVERSION = YES;
				CLANG_WARN_COMMA = YES;
				CLANG_WARN_CONSTANT_CONVERSION = YES;
				CLANG_WARN_DEPRECATED_OBJC_IMPLEMENTATIONS = YES;
				CLANG_WARN_DIRECT_OBJC_ISA_USAGE = YES_ERROR;
				CLANG_WARN_DOCUMENTATION_COMMENTS = YES;
				CLANG_WARN_EMPTY_BODY = YES;
				CLANG_WARN_ENUM_CONVERSION = YES;
				CLANG_WARN_INFINITE_RECURSION = YES;
				CLANG_WARN_INT_CONVERSION = YES;
				CLANG_WARN_NON_LITERAL_NULL_CONVERSION = YES;
				CLANG_WARN_OBJC_IMPLICIT_RETAIN_SELF = YES;
				CLANG_WARN_OBJC_LITERAL_CONVERSION = YES;
				CLANG_WARN_OBJC_ROOT_CLASS = YES_ERROR;
				CLANG_WARN_QUOTED_INCLUDE_IN_FRAMEWORK_HEADER = YES;
				CLANG_WARN_RANGE_LOOP_ANALYSIS = YES;
				CLANG_WARN_STRICT_PROTOTYPES = YES;
				CLANG_WARN_SUSPICIOUS_MOVE = YES;
				CLANG_WARN_UNGUARDED_AVAILABILITY = YES_AGGRESSIVE;
				CLANG_WARN_UNREACHABLE_CODE = YES;
				CLANG_WARN__DUPLICATE_METHOD_MATCH = YES;
				COPY_PHASE_STRIP = NO;
				DEBUG_INFORMATION_FORMAT = "dwarf-with-dsym";
				ENABLE_NS_ASSERTIONS = NO;
				ENABLE_STRICT_OBJC_MSGSEND = YES;
				GCC_C_LANGUAGE_STANDARD = gnu11;
				GCC_NO_COMMON_BLOCKS = YES;
				GCC_WARN_64_TO_32_BIT_CONVERSION = YES;
				GCC_WARN_ABOUT_RETURN_TYPE = YES_ERROR;
				GCC_WARN_UNDECLARED_SELECTOR = YES;
				GCC_WARN_UNINITIALIZED_AUTOS = YES_AGGRESSIVE;
				GCC_WARN_UNUSED_FUNCTION = YES;
				GCC_WARN_UNUSED_VARIABLE = YES;
				MACOSX_DEPLOYMENT_TARGET = 13.1;
				MTL_ENABLE_DEBUG_INFO = NO;
				MTL_FAST_MATH = YES;
				SDKROOT = macosx;
			};
			name = Release;
		};
		4E02213F2A850D0E00B26C11 /* Debug */ = {
			isa = XCBuildConfiguration;
			buildSettings = {
				ASSETCATALOG_COMPILER_APPICON_NAME = AppIcon;
				ASSETCATALOG_COMPILER_GLOBAL_ACCENT_COLOR_NAME = AccentColor;
				CODE_SIGN_ENTITLEMENTS = "Object-Instance-Variables-And-Properties/Object_Instance_Variables_And_Properties.entitlements";
				CODE_SIGN_STYLE = Automatic;
				COMBINE_HIDPI_IMAGES = YES;
				CURRENT_PROJECT_VERSION = 1;
				GENERATE_INFOPLIST_FILE = YES;
				INFOPLIST_KEY_NSHumanReadableCopyright = "";
				INFOPLIST_KEY_NSMainStoryboardFile = Main;
				INFOPLIST_KEY_NSPrincipalClass = NSApplication;
				LD_RUNPATH_SEARCH_PATHS = (
					"$(inherited)",
					"@executable_path/../Frameworks",
				);
				MARKETING_VERSION = 1.0;
				PRODUCT_BUNDLE_IDENTIFIER = "thisisibukunoluwa.Object-Instance-Variables-And-Properties";
				PRODUCT_NAME = "$(TARGET_NAME)";
				SWIFT_EMIT_LOC_STRINGS = YES;
			};
			name = Debug;
		};
		4E0221402A850D0E00B26C11 /* Release */ = {
			isa = XCBuildConfiguration;
			buildSettings = {
				ASSETCATALOG_COMPILER_APPICON_NAME = AppIcon;
				ASSETCATALOG_COMPILER_GLOBAL_ACCENT_COLOR_NAME = AccentColor;
				CODE_SIGN_ENTITLEMENTS = "Object-Instance-Variables-And-Properties/Object_Instance_Variables_And_Properties.entitlements";
				CODE_SIGN_STYLE = Automatic;
				COMBINE_HIDPI_IMAGES = YES;
				CURRENT_PROJECT_VERSION = 1;
				GENERATE_INFOPLIST_FILE = YES;
				INFOPLIST_KEY_NSHumanReadableCopyright = "";
				INFOPLIST_KEY_NSMainStoryboardFile = Main;
				INFOPLIST_KEY_NSPrincipalClass = NSApplication;
				LD_RUNPATH_SEARCH_PATHS = (
					"$(inherited)",
					"@executable_path/../Frameworks",
				);
				MARKETING_VERSION = 1.0;
				PRODUCT_BUNDLE_IDENTIFIER = "thisisibukunoluwa.Object-Instance-Variables-And-Properties";
				PRODUCT_NAME = "$(TARGET_NAME)";
				SWIFT_EMIT_LOC_STRINGS = YES;
			};
			name = Release;
		};
		4E0221422A850D0E00B26C11 /* Debug */ = {
			isa = XCBuildConfiguration;
			buildSettings = {
				BUNDLE_LOADER = "$(TEST_HOST)";
				CODE_SIGN_STYLE = Automatic;
				CURRENT_PROJECT_VERSION = 1;
				GENERATE_INFOPLIST_FILE = YES;
				MACOSX_DEPLOYMENT_TARGET = 13.1;
				MARKETING_VERSION = 1.0;
				PRODUCT_BUNDLE_IDENTIFIER = "thisisibukunoluwa.Object-Instance-Variables-And-PropertiesTests";
				PRODUCT_NAME = "$(TARGET_NAME)";
				SWIFT_EMIT_LOC_STRINGS = NO;
				TEST_HOST = "$(BUILT_PRODUCTS_DIR)/Object-Instance-Variables-And-Properties.app/$(BUNDLE_EXECUTABLE_FOLDER_PATH)/Object-Instance-Variables-And-Properties";
			};
			name = Debug;
		};
		4E0221432A850D0E00B26C11 /* Release */ = {
			isa = XCBuildConfiguration;
			buildSettings = {
				BUNDLE_LOADER = "$(TEST_HOST)";
				CODE_SIGN_STYLE = Automatic;
				CURRENT_PROJECT_VERSION = 1;
				GENERATE_INFOPLIST_FILE = YES;
				MACOSX_DEPLOYMENT_TARGET = 13.1;
				MARKETING_VERSION = 1.0;
				PRODUCT_BUNDLE_IDENTIFIER = "thisisibukunoluwa.Object-Instance-Variables-And-PropertiesTests";
				PRODUCT_NAME = "$(TARGET_NAME)";
				SWIFT_EMIT_LOC_STRINGS = NO;
				TEST_HOST = "$(BUILT_PRODUCTS_DIR)/Object-Instance-Variables-And-Properties.app/$(BUNDLE_EXECUTABLE_FOLDER_PATH)/Object-Instance-Variables-And-Properties";
			};
			name = Release;
		};
		4E0221452A850D0E00B26C11 /* Debug */ = {
			isa = XCBuildConfiguration;
			buildSettings = {
				CODE_SIGN_STYLE = Automatic;
				CURRENT_PROJECT_VERSION = 1;
				GENERATE_INFOPLIST_FILE = YES;
				MARKETING_VERSION = 1.0;
				PRODUCT_BUNDLE_IDENTIFIER = "thisisibukunoluwa.Object-Instance-Variables-And-PropertiesUITests";
				PRODUCT_NAME = "$(TARGET_NAME)";
				SWIFT_EMIT_LOC_STRINGS = NO;
				TEST_TARGET_NAME = "Object-Instance-Variables-And-Properties";
			};
			name = Debug;
		};
		4E0221462A850D0E00B26C11 /* Release */ = {
			isa = XCBuildConfiguration;
			buildSettings = {
				CODE_SIGN_STYLE = Automatic;
				CURRENT_PROJECT_VERSION = 1;
				GENERATE_INFOPLIST_FILE = YES;
				MARKETING_VERSION = 1.0;
				PRODUCT_BUNDLE_IDENTIFIER = "thisisibukunoluwa.Object-Instance-Variables-And-PropertiesUITests";
				PRODUCT_NAME = "$(TARGET_NAME)";
				SWIFT_EMIT_LOC_STRINGS = NO;
				TEST_TARGET_NAME = "Object-Instance-Variables-And-Properties";
			};
			name = Release;
		};
/* End XCBuildConfiguration section */

/* Begin XCConfigurationList section */
		4E0221102A850D0C00B26C11 /* Build configuration list for PBXProject "Object-Instance-Variables-And-Properties" */ = {
			isa = XCConfigurationList;
			buildConfigurations = (
				4E02213C2A850D0E00B26C11 /* Debug */,
				4E02213D2A850D0E00B26C11 /* Release */,
			);
			defaultConfigurationIsVisible = 0;
			defaultConfigurationName = Release;
		};
		4E02213E2A850D0E00B26C11 /* Build configuration list for PBXNativeTarget "Object-Instance-Variables-And-Properties" */ = {
			isa = XCConfigurationList;
			buildConfigurations = (
				4E02213F2A850D0E00B26C11 /* Debug */,
				4E0221402A850D0E00B26C11 /* Release */,
			);
			defaultConfigurationIsVisible = 0;
			defaultConfigurationName = Release;
		};
		4E0221412A850D0E00B26C11 /* Build configuration list for PBXNativeTarget "Object-Instance-Variables-And-PropertiesTests" */ = {
			isa = XCConfigurationList;
			buildConfigurations = (
				4E0221422A850D0E00B26C11 /* Debug */,
				4E0221432A850D0E00B26C11 /* Release */,
			);
			defaultConfigurationIsVisible = 0;
			defaultConfigurationName = Release;
		};
		4E0221442A850D0E00B26C11 /* Build configuration list for PBXNativeTarget "Object-Instance-Variables-And-PropertiesUITests" */ = {
			isa = XCConfigurationList;
			buildConfigurations = (
				4E0221452A850D0E00B26C11 /* Debug */,
				4E0221462A850D0E00B26C11 /* Release */,
			);
			defaultConfigurationIsVisible = 0;
			defaultConfigurationName = Release;
		};
/* End XCConfigurationList section */
	};
	rootObject = 4E02210D2A850D0C00B26C11 /* Project object */;
}
