// !$*UTF8*$!
{
	archiveVersion = 1;
	classes = {
	};
	objectVersion = 56;
	objects = {

/* Begin PBXBuildFile section */
		4E021F7D2A850BE300B26C11 /* AppDelegate.m in Sources */ = {isa = PBXBuildFile; fileRef = 4E021F7C2A850BE300B26C11 /* AppDelegate.m */; };
		4E021F802A850BE300B26C11 /* ViewController.m in Sources */ = {isa = PBXBuildFile; fileRef = 4E021F7F2A850BE300B26C11 /* ViewController.m */; };
		4E021F822A850BE500B26C11 /* Assets.xcassets in Resources */ = {isa = PBXBuildFile; fileRef = 4E021F812A850BE500B26C11 /* Assets.xcassets */; };
		4E021F852A850BE500B26C11 /* Main.storyboard in Resources */ = {isa = PBXBuildFile; fileRef = 4E021F832A850BE500B26C11 /* Main.storyboard */; };
		4E021F872A850BE500B26C11 /* main.m in Sources */ = {isa = PBXBuildFile; fileRef = 4E021F862A850BE500B26C11 /* main.m */; };
		4E021F922A850BE500B26C11 /* ObjectsTests.m in Sources */ = {isa = PBXBuildFile; fileRef = 4E021F912A850BE500B26C11 /* ObjectsTests.m */; };
		4E021F9C2A850BE500B26C11 /* ObjectsUITests.m in Sources */ = {isa = PBXBuildFile; fileRef = 4E021F9B2A850BE500B26C11 /* ObjectsUITests.m */; };
		4E021F9E2A850BE500B26C11 /* ObjectsUITestsLaunchTests.m in Sources */ = {isa = PBXBuildFile; fileRef = 4E021F9D2A850BE500B26C11 /* ObjectsUITestsLaunchTests.m */; };
/* End PBXBuildFile section */

/* Begin PBXContainerItemProxy section */
		4E021F8E2A850BE500B26C11 /* PBXContainerItemProxy */ = {
			isa = PBXContainerItemProxy;
			containerPortal = 4E021F702A850BE300B26C11 /* Project object */;
			proxyType = 1;
			remoteGlobalIDString = 4E021F772A850BE300B26C11;
			remoteInfo = Objects;
		};
		4E021F982A850BE500B26C11 /* PBXContainerItemProxy */ = {
			isa = PBXContainerItemProxy;
			containerPortal = 4E021F702A850BE300B26C11 /* Project object */;
			proxyType = 1;
			remoteGlobalIDString = 4E021F772A850BE300B26C11;
			remoteInfo = Objects;
		};
/* End PBXContainerItemProxy section */

/* Begin PBXFileReference section */
		4E021F782A850BE300B26C11 /* Objects.app */ = {isa = PBXFileReference; explicitFileType = wrapper.application; includeInIndex = 0; path = Objects.app; sourceTree = BUILT_PRODUCTS_DIR; };
		4E021F7B2A850BE300B26C11 /* AppDelegate.h */ = {isa = PBXFileReference; lastKnownFileType = sourcecode.c.h; path = AppDelegate.h; sourceTree = "<group>"; };
		4E021F7C2A850BE300B26C11 /* AppDelegate.m */ = {isa = PBXFileReference; lastKnownFileType = sourcecode.c.objc; path = AppDelegate.m; sourceTree = "<group>"; };
		4E021F7E2A850BE300B26C11 /* ViewController.h */ = {isa = PBXFileReference; lastKnownFileType = sourcecode.c.h; path = ViewController.h; sourceTree = "<group>"; };
		4E021F7F2A850BE300B26C11 /* ViewController.m */ = {isa = PBXFileReference; lastKnownFileType = sourcecode.c.objc; path = ViewController.m; sourceTree = "<group>"; };
		4E021F812A850BE500B26C11 /* Assets.xcassets */ = {isa = PBXFileReference; lastKnownFileType = folder.assetcatalog; path = Assets.xcassets; sourceTree = "<group>"; };
		4E021F842A850BE500B26C11 /* Base */ = {isa = PBXFileReference; lastKnownFileType = file.storyboard; name = Base; path = Base.lproj/Main.storyboard; sourceTree = "<group>"; };
		4E021F862A850BE500B26C11 /* main.m */ = {isa = PBXFileReference; lastKnownFileType = sourcecode.c.objc; path = main.m; sourceTree = "<group>"; };
		4E021F882A850BE500B26C11 /* Objects.entitlements */ = {isa = PBXFileReference; lastKnownFileType = text.plist.entitlements; path = Objects.entitlements; sourceTree = "<group>"; };
		4E021F8D2A850BE500B26C11 /* ObjectsTests.xctest */ = {isa = PBXFileReference; explicitFileType = wrapper.cfbundle; includeInIndex = 0; path = ObjectsTests.xctest; sourceTree = BUILT_PRODUCTS_DIR; };
		4E021F912A850BE500B26C11 /* ObjectsTests.m */ = {isa = PBXFileReference; lastKnownFileType = sourcecode.c.objc; path = ObjectsTests.m; sourceTree = "<group>"; };
		4E021F972A850BE500B26C11 /* ObjectsUITests.xctest */ = {isa = PBXFileReference; explicitFileType = wrapper.cfbundle; includeInIndex = 0; path = ObjectsUITests.xctest; sourceTree = BUILT_PRODUCTS_DIR; };
		4E021F9B2A850BE500B26C11 /* ObjectsUITests.m */ = {isa = PBXFileReference; lastKnownFileType = sourcecode.c.objc; path = ObjectsUITests.m; sourceTree = "<group>"; };
		4E021F9D2A850BE500B26C11 /* ObjectsUITestsLaunchTests.m */ = {isa = PBXFileReference; lastKnownFileType = sourcecode.c.objc; path = ObjectsUITestsLaunchTests.m; sourceTree = "<group>"; };
/* End PBXFileReference section */

/* Begin PBXFrameworksBuildPhase section */
		4E021F752A850BE300B26C11 /* Frameworks */ = {
			isa = PBXFrameworksBuildPhase;
			buildActionMask = 2147483647;
			files = (
			);
			runOnlyForDeploymentPostprocessing = 0;
		};
		4E021F8A2A850BE500B26C11 /* Frameworks */ = {
			isa = PBXFrameworksBuildPhase;
			buildActionMask = 2147483647;
			files = (
			);
			runOnlyForDeploymentPostprocessing = 0;
		};
		4E021F942A850BE500B26C11 /* Frameworks */ = {
			isa = PBXFrameworksBuildPhase;
			buildActionMask = 2147483647;
			files = (
			);
			runOnlyForDeploymentPostprocessing = 0;
		};
/* End PBXFrameworksBuildPhase section */

/* Begin PBXGroup section */
		4E021F6F2A850BE300B26C11 = {
			isa = PBXGroup;
			children = (
				4E021F7A2A850BE300B26C11 /* Objects */,
				4E021F902A850BE500B26C11 /* ObjectsTests */,
				4E021F9A2A850BE500B26C11 /* ObjectsUITests */,
				4E021F792A850BE300B26C11 /* Products */,
			);
			sourceTree = "<group>";
		};
		4E021F792A850BE300B26C11 /* Products */ = {
			isa = PBXGroup;
			children = (
				4E021F782A850BE300B26C11 /* Objects.app */,
				4E021F8D2A850BE500B26C11 /* ObjectsTests.xctest */,
				4E021F972A850BE500B26C11 /* ObjectsUITests.xctest */,
			);
			name = Products;
			sourceTree = "<group>";
		};
		4E021F7A2A850BE300B26C11 /* Objects */ = {
			isa = PBXGroup;
			children = (
				4E021F7B2A850BE300B26C11 /* AppDelegate.h */,
				4E021F7C2A850BE300B26C11 /* AppDelegate.m */,
				4E021F7E2A850BE300B26C11 /* ViewController.h */,
				4E021F7F2A850BE300B26C11 /* ViewController.m */,
				4E021F812A850BE500B26C11 /* Assets.xcassets */,
				4E021F832A850BE500B26C11 /* Main.storyboard */,
				4E021F862A850BE500B26C11 /* main.m */,
				4E021F882A850BE500B26C11 /* Objects.entitlements */,
			);
			path = Objects;
			sourceTree = "<group>";
		};
		4E021F902A850BE500B26C11 /* ObjectsTests */ = {
			isa = PBXGroup;
			children = (
				4E021F912A850BE500B26C11 /* ObjectsTests.m */,
			);
			path = ObjectsTests;
			sourceTree = "<group>";
		};
		4E021F9A2A850BE500B26C11 /* ObjectsUITests */ = {
			isa = PBXGroup;
			children = (
				4E021F9B2A850BE500B26C11 /* ObjectsUITests.m */,
				4E021F9D2A850BE500B26C11 /* ObjectsUITestsLaunchTests.m */,
			);
			path = ObjectsUITests;
			sourceTree = "<group>";
		};
/* End PBXGroup section */

/* Begin PBXNativeTarget section */
		4E021F772A850BE300B26C11 /* Objects */ = {
			isa = PBXNativeTarget;
			buildConfigurationList = 4E021FA12A850BE600B26C11 /* Build configuration list for PBXNativeTarget "Objects" */;
			buildPhases = (
				4E021F742A850BE300B26C11 /* Sources */,
				4E021F752A850BE300B26C11 /* Frameworks */,
				4E021F762A850BE300B26C11 /* Resources */,
			);
			buildRules = (
			);
			dependencies = (
			);
			name = Objects;
			productName = Objects;
			productReference = 4E021F782A850BE300B26C11 /* Objects.app */;
			productType = "com.apple.product-type.application";
		};
		4E021F8C2A850BE500B26C11 /* ObjectsTests */ = {
			isa = PBXNativeTarget;
			buildConfigurationList = 4E021FA42A850BE600B26C11 /* Build configuration list for PBXNativeTarget "ObjectsTests" */;
			buildPhases = (
				4E021F892A850BE500B26C11 /* Sources */,
				4E021F8A2A850BE500B26C11 /* Frameworks */,
				4E021F8B2A850BE500B26C11 /* Resources */,
			);
			buildRules = (
			);
			dependencies = (
				4E021F8F2A850BE500B26C11 /* PBXTargetDependency */,
			);
			name = ObjectsTests;
			productName = ObjectsTests;
			productReference = 4E021F8D2A850BE500B26C11 /* ObjectsTests.xctest */;
			productType = "com.apple.product-type.bundle.unit-test";
		};
		4E021F962A850BE500B26C11 /* ObjectsUITests */ = {
			isa = PBXNativeTarget;
			buildConfigurationList = 4E021FA72A850BE600B26C11 /* Build configuration list for PBXNativeTarget "ObjectsUITests" */;
			buildPhases = (
				4E021F932A850BE500B26C11 /* Sources */,
				4E021F942A850BE500B26C11 /* Frameworks */,
				4E021F952A850BE500B26C11 /* Resources */,
			);
			buildRules = (
			);
			dependencies = (
				4E021F992A850BE500B26C11 /* PBXTargetDependency */,
			);
			name = ObjectsUITests;
			productName = ObjectsUITests;
			productReference = 4E021F972A850BE500B26C11 /* ObjectsUITests.xctest */;
			productType = "com.apple.product-type.bundle.ui-testing";
		};
/* End PBXNativeTarget section */

/* Begin PBXProject section */
		4E021F702A850BE300B26C11 /* Project object */ = {
			isa = PBXProject;
			attributes = {
				BuildIndependentTargetsInParallel = 1;
				LastUpgradeCheck = 1420;
				TargetAttributes = {
					4E021F772A850BE300B26C11 = {
						CreatedOnToolsVersion = 14.2;
					};
					4E021F8C2A850BE500B26C11 = {
						CreatedOnToolsVersion = 14.2;
						TestTargetID = 4E021F772A850BE300B26C11;
					};
					4E021F962A850BE500B26C11 = {
						CreatedOnToolsVersion = 14.2;
						TestTargetID = 4E021F772A850BE300B26C11;
					};
				};
			};
			buildConfigurationList = 4E021F732A850BE300B26C11 /* Build configuration list for PBXProject "Objects" */;
			compatibilityVersion = "Xcode 14.0";
			developmentRegion = en;
			hasScannedForEncodings = 0;
			knownRegions = (
				en,
				Base,
			);
			mainGroup = 4E021F6F2A850BE300B26C11;
			productRefGroup = 4E021F792A850BE300B26C11 /* Products */;
			projectDirPath = "";
			projectRoot = "";
			targets = (
				4E021F772A850BE300B26C11 /* Objects */,
				4E021F8C2A850BE500B26C11 /* ObjectsTests */,
				4E021F962A850BE500B26C11 /* ObjectsUITests */,
			);
		};
/* End PBXProject section */

/* Begin PBXResourcesBuildPhase section */
		4E021F762A850BE300B26C11 /* Resources */ = {
			isa = PBXResourcesBuildPhase;
			buildActionMask = 2147483647;
			files = (
				4E021F822A850BE500B26C11 /* Assets.xcassets in Resources */,
				4E021F852A850BE500B26C11 /* Main.storyboard in Resources */,
			);
			runOnlyForDeploymentPostprocessing = 0;
		};
		4E021F8B2A850BE500B26C11 /* Resources */ = {
			isa = PBXResourcesBuildPhase;
			buildActionMask = 2147483647;
			files = (
			);
			runOnlyForDeploymentPostprocessing = 0;
		};
		4E021F952A850BE500B26C11 /* Resources */ = {
			isa = PBXResourcesBuildPhase;
			buildActionMask = 2147483647;
			files = (
			);
			runOnlyForDeploymentPostprocessing = 0;
		};
/* End PBXResourcesBuildPhase section */

/* Begin PBXSourcesBuildPhase section */
		4E021F742A850BE300B26C11 /* Sources */ = {
			isa = PBXSourcesBuildPhase;
			buildActionMask = 2147483647;
			files = (
				4E021F802A850BE300B26C11 /* ViewController.m in Sources */,
				4E021F872A850BE500B26C11 /* main.m in Sources */,
				4E021F7D2A850BE300B26C11 /* AppDelegate.m in Sources */,
			);
			runOnlyForDeploymentPostprocessing = 0;
		};
		4E021F892A850BE500B26C11 /* Sources */ = {
			isa = PBXSourcesBuildPhase;
			buildActionMask = 2147483647;
			files = (
				4E021F922A850BE500B26C11 /* ObjectsTests.m in Sources */,
			);
			runOnlyForDeploymentPostprocessing = 0;
		};
		4E021F932A850BE500B26C11 /* Sources */ = {
			isa = PBXSourcesBuildPhase;
			buildActionMask = 2147483647;
			files = (
				4E021F9C2A850BE500B26C11 /* ObjectsUITests.m in Sources */,
				4E021F9E2A850BE500B26C11 /* ObjectsUITestsLaunchTests.m in Sources */,
			);
			runOnlyForDeploymentPostprocessing = 0;
		};
/* End PBXSourcesBuildPhase section */

/* Begin PBXTargetDependency section */
		4E021F8F2A850BE500B26C11 /* PBXTargetDependency */ = {
			isa = PBXTargetDependency;
			target = 4E021F772A850BE300B26C11 /* Objects */;
			targetProxy = 4E021F8E2A850BE500B26C11 /* PBXContainerItemProxy */;
		};
		4E021F992A850BE500B26C11 /* PBXTargetDependency */ = {
			isa = PBXTargetDependency;
			target = 4E021F772A850BE300B26C11 /* Objects */;
			targetProxy = 4E021F982A850BE500B26C11 /* PBXContainerItemProxy */;
		};
/* End PBXTargetDependency section */

/* Begin PBXVariantGroup section */
		4E021F832A850BE500B26C11 /* Main.storyboard */ = {
			isa = PBXVariantGroup;
			children = (
				4E021F842A850BE500B26C11 /* Base */,
			);
			name = Main.storyboard;
			sourceTree = "<group>";
		};
/* End PBXVariantGroup section */

/* Begin XCBuildConfiguration section */
		4E021F9F2A850BE500B26C11 /* Debug */ = {
			isa = XCBuildConfiguration;
			buildSettings = {
				ALWAYS_SEARCH_USER_PATHS = NO;
				CLANG_ANALYZER_NONNULL = YES;
				CLANG_ANALYZER_NUMBER_OBJECT_CONVERSION = YES_AGGRESSIVE;
				CLANG_CXX_LANGUAGE_STANDARD = "gnu++20";
				CLANG_ENABLE_MODULES = YES;
				CLANG_ENABLE_OBJC_ARC = YES;
				CLANG_ENABLE_OBJC_WEAK = YES;
				CLANG_WARN_BLOCK_CAPTURE_AUTORELEASING = YES;
				CLANG_WARN_BOOL_CONVERSION = YES;
				CLANG_WARN_COMMA = YES;
				CLANG_WARN_CONSTANT_CONVERSION = YES;
				CLANG_WARN_DEPRECATED_OBJC_IMPLEMENTATIONS = YES;
				CLANG_WARN_DIRECT_OBJC_ISA_USAGE = YES_ERROR;
				CLANG_WARN_DOCUMENTATION_COMMENTS = YES;
				CLANG_WARN_EMPTY_BODY = YES;
				CLANG_WARN_ENUM_CONVERSION = YES;
				CLANG_WARN_INFINITE_RECURSION = YES;
				CLANG_WARN_INT_CONVERSION = YES;
				CLANG_WARN_NON_LITERAL_NULL_CONVERSION = YES;
				CLANG_WARN_OBJC_IMPLICIT_RETAIN_SELF = YES;
				CLANG_WARN_OBJC_LITERAL_CONVERSION = YES;
				CLANG_WARN_OBJC_ROOT_CLASS = YES_ERROR;
				CLANG_WARN_QUOTED_INCLUDE_IN_FRAMEWORK_HEADER = YES;
				CLANG_WARN_RANGE_LOOP_ANALYSIS = YES;
				CLANG_WARN_STRICT_PROTOTYPES = YES;
				CLANG_WARN_SUSPICIOUS_MOVE = YES;
				CLANG_WARN_UNGUARDED_AVAILABILITY = YES_AGGRESSIVE;
				CLANG_WARN_UNREACHABLE_CODE = YES;
				CLANG_WARN__DUPLICATE_METHOD_MATCH = YES;
				COPY_PHASE_STRIP = NO;
				DEBUG_INFORMATION_FORMAT = dwarf;
				ENABLE_STRICT_OBJC_MSGSEND = YES;
				ENABLE_TESTABILITY = YES;
				GCC_C_LANGUAGE_STANDARD = gnu11;
				GCC_DYNAMIC_NO_PIC = NO;
				GCC_NO_COMMON_BLOCKS = YES;
				GCC_OPTIMIZATION_LEVEL = 0;
				GCC_PREPROCESSOR_DEFINITIONS = (
					"DEBUG=1",
					"$(inherited)",
				);
				GCC_WARN_64_TO_32_BIT_CONVERSION = YES;
				GCC_WARN_ABOUT_RETURN_TYPE = YES_ERROR;
				GCC_WARN_UNDECLARED_SELECTOR = YES;
				GCC_WARN_UNINITIALIZED_AUTOS = YES_AGGRESSIVE;
				GCC_WARN_UNUSED_FUNCTION = YES;
				GCC_WARN_UNUSED_VARIABLE = YES;
				MACOSX_DEPLOYMENT_TARGET = 13.1;
				MTL_ENABLE_DEBUG_INFO = INCLUDE_SOURCE;
				MTL_FAST_MATH = YES;
				ONLY_ACTIVE_ARCH = YES;
				SDKROOT = macosx;
			};
			name = Debug;
		};
		4E021FA02A850BE600B26C11 /* Release */ = {
			isa = XCBuildConfiguration;
			buildSettings = {
				ALWAYS_SEARCH_USER_PATHS = NO;
				CLANG_ANALYZER_NONNULL = YES;
				CLANG_ANALYZER_NUMBER_OBJECT_CONVERSION = YES_AGGRESSIVE;
				CLANG_CXX_LANGUAGE_STANDARD = "gnu++20";
				CLANG_ENABLE_MODULES = YES;
				CLANG_ENABLE_OBJC_ARC = YES;
				CLANG_ENABLE_OBJC_WEAK = YES;
				CLANG_WARN_BLOCK_CAPTURE_AUTORELEASING = YES;
				CLANG_WARN_BOOL_CONVERSION = YES;
				CLANG_WARN_COMMA = YES;
				CLANG_WARN_CONSTANT_CONVERSION = YES;
				CLANG_WARN_DEPRECATED_OBJC_IMPLEMENTATIONS = YES;
				CLANG_WARN_DIRECT_OBJC_ISA_USAGE = YES_ERROR;
				CLANG_WARN_DOCUMENTATION_COMMENTS = YES;
				CLANG_WARN_EMPTY_BODY = YES;
				CLANG_WARN_ENUM_CONVERSION = YES;
				CLANG_WARN_INFINITE_RECURSION = YES;
				CLANG_WARN_INT_CONVERSION = YES;
				CLANG_WARN_NON_LITERAL_NULL_CONVERSION = YES;
				CLANG_WARN_OBJC_IMPLICIT_RETAIN_SELF = YES;
				CLANG_WARN_OBJC_LITERAL_CONVERSION = YES;
				CLANG_WARN_OBJC_ROOT_CLASS = YES_ERROR;
				CLANG_WARN_QUOTED_INCLUDE_IN_FRAMEWORK_HEADER = YES;
				CLANG_WARN_RANGE_LOOP_ANALYSIS = YES;
				CLANG_WARN_STRICT_PROTOTYPES = YES;
				CLANG_WARN_SUSPICIOUS_MOVE = YES;
				CLANG_WARN_UNGUARDED_AVAILABILITY = YES_AGGRESSIVE;
				CLANG_WARN_UNREACHABLE_CODE = YES;
				CLANG_WARN__DUPLICATE_METHOD_MATCH = YES;
				COPY_PHASE_STRIP = NO;
				DEBUG_INFORMATION_FORMAT = "dwarf-with-dsym";
				ENABLE_NS_ASSERTIONS = NO;
				ENABLE_STRICT_OBJC_MSGSEND = YES;
				GCC_C_LANGUAGE_STANDARD = gnu11;
				GCC_NO_COMMON_BLOCKS = YES;
				GCC_WARN_64_TO_32_BIT_CONVERSION = YES;
				GCC_WARN_ABOUT_RETURN_TYPE = YES_ERROR;
				GCC_WARN_UNDECLARED_SELECTOR = YES;
				GCC_WARN_UNINITIALIZED_AUTOS = YES_AGGRESSIVE;
				GCC_WARN_UNUSED_FUNCTION = YES;
				GCC_WARN_UNUSED_VARIABLE = YES;
				MACOSX_DEPLOYMENT_TARGET = 13.1;
				MTL_ENABLE_DEBUG_INFO = NO;
				MTL_FAST_MATH = YES;
				SDKROOT = macosx;
			};
			name = Release;
		};
		4E021FA22A850BE600B26C11 /* Debug */ = {
			isa = XCBuildConfiguration;
			buildSettings = {
				ASSETCATALOG_COMPILER_APPICON_NAME = AppIcon;
				ASSETCATALOG_COMPILER_GLOBAL_ACCENT_COLOR_NAME = AccentColor;
				CODE_SIGN_ENTITLEMENTS = Objects/Objects.entitlements;
				CODE_SIGN_STYLE = Automatic;
				COMBINE_HIDPI_IMAGES = YES;
				CURRENT_PROJECT_VERSION = 1;
				GENERATE_INFOPLIST_FILE = YES;
				INFOPLIST_KEY_NSHumanReadableCopyright = "";
				INFOPLIST_KEY_NSMainStoryboardFile = Main;
				INFOPLIST_KEY_NSPrincipalClass = NSApplication;
				LD_RUNPATH_SEARCH_PATHS = (
					"$(inherited)",
					"@executable_path/../Frameworks",
				);
				MARKETING_VERSION = 1.0;
				PRODUCT_BUNDLE_IDENTIFIER = thisisibukunoluwa.Objects;
				PRODUCT_NAME = "$(TARGET_NAME)";
				SWIFT_EMIT_LOC_STRINGS = YES;
			};
			name = Debug;
		};
		4E021FA32A850BE600B26C11 /* Release */ = {
			isa = XCBuildConfiguration;
			buildSettings = {
				ASSETCATALOG_COMPILER_APPICON_NAME = AppIcon;
				ASSETCATALOG_COMPILER_GLOBAL_ACCENT_COLOR_NAME = AccentColor;
				CODE_SIGN_ENTITLEMENTS = Objects/Objects.entitlements;
				CODE_SIGN_STYLE = Automatic;
				COMBINE_HIDPI_IMAGES = YES;
				CURRENT_PROJECT_VERSION = 1;
				GENERATE_INFOPLIST_FILE = YES;
				INFOPLIST_KEY_NSHumanReadableCopyright = "";
				INFOPLIST_KEY_NSMainStoryboardFile = Main;
				INFOPLIST_KEY_NSPrincipalClass = NSApplication;
				LD_RUNPATH_SEARCH_PATHS = (
					"$(inherited)",
					"@executable_path/../Frameworks",
				);
				MARKETING_VERSION = 1.0;
				PRODUCT_BUNDLE_IDENTIFIER = thisisibukunoluwa.Objects;
				PRODUCT_NAME = "$(TARGET_NAME)";
				SWIFT_EMIT_LOC_STRINGS = YES;
			};
			name = Release;
		};
		4E021FA52A850BE600B26C11 /* Debug */ = {
			isa = XCBuildConfiguration;
			buildSettings = {
				BUNDLE_LOADER = "$(TEST_HOST)";
				CODE_SIGN_STYLE = Automatic;
				CURRENT_PROJECT_VERSION = 1;
				GENERATE_INFOPLIST_FILE = YES;
				MACOSX_DEPLOYMENT_TARGET = 13.1;
				MARKETING_VERSION = 1.0;
				PRODUCT_BUNDLE_IDENTIFIER = thisisibukunoluwa.ObjectsTests;
				PRODUCT_NAME = "$(TARGET_NAME)";
				SWIFT_EMIT_LOC_STRINGS = NO;
				TEST_HOST = "$(BUILT_PRODUCTS_DIR)/Objects.app/$(BUNDLE_EXECUTABLE_FOLDER_PATH)/Objects";
			};
			name = Debug;
		};
		4E021FA62A850BE600B26C11 /* Release */ = {
			isa = XCBuildConfiguration;
			buildSettings = {
				BUNDLE_LOADER = "$(TEST_HOST)";
				CODE_SIGN_STYLE = Automatic;
				CURRENT_PROJECT_VERSION = 1;
				GENERATE_INFOPLIST_FILE = YES;
				MACOSX_DEPLOYMENT_TARGET = 13.1;
				MARKETING_VERSION = 1.0;
				PRODUCT_BUNDLE_IDENTIFIER = thisisibukunoluwa.ObjectsTests;
				PRODUCT_NAME = "$(TARGET_NAME)";
				SWIFT_EMIT_LOC_STRINGS = NO;
				TEST_HOST = "$(BUILT_PRODUCTS_DIR)/Objects.app/$(BUNDLE_EXECUTABLE_FOLDER_PATH)/Objects";
			};
			name = Release;
		};
		4E021FA82A850BE600B26C11 /* Debug */ = {
			isa = XCBuildConfiguration;
			buildSettings = {
				CODE_SIGN_STYLE = Automatic;
				CURRENT_PROJECT_VERSION = 1;
				GENERATE_INFOPLIST_FILE = YES;
				MARKETING_VERSION = 1.0;
				PRODUCT_BUNDLE_IDENTIFIER = thisisibukunoluwa.ObjectsUITests;
				PRODUCT_NAME = "$(TARGET_NAME)";
				SWIFT_EMIT_LOC_STRINGS = NO;
				TEST_TARGET_NAME = Objects;
			};
			name = Debug;
		};
		4E021FA92A850BE600B26C11 /* Release */ = {
			isa = XCBuildConfiguration;
			buildSettings = {
				CODE_SIGN_STYLE = Automatic;
				CURRENT_PROJECT_VERSION = 1;
				GENERATE_INFOPLIST_FILE = YES;
				MARKETING_VERSION = 1.0;
				PRODUCT_BUNDLE_IDENTIFIER = thisisibukunoluwa.ObjectsUITests;
				PRODUCT_NAME = "$(TARGET_NAME)";
				SWIFT_EMIT_LOC_STRINGS = NO;
				TEST_TARGET_NAME = Objects;
			};
			name = Release;
		};
/* End XCBuildConfiguration section */

/* Begin XCConfigurationList section */
		4E021F732A850BE300B26C11 /* Build configuration list for PBXProject "Objects" */ = {
			isa = XCConfigurationList;
			buildConfigurations = (
				4E021F9F2A850BE500B26C11 /* Debug */,
				4E021FA02A850BE600B26C11 /* Release */,
			);
			defaultConfigurationIsVisible = 0;
			defaultConfigurationName = Release;
		};
		4E021FA12A850BE600B26C11 /* Build configuration list for PBXNativeTarget "Objects" */ = {
			isa = XCConfigurationList;
			buildConfigurations = (
				4E021FA22A850BE600B26C11 /* Debug */,
				4E021FA32A850BE600B26C11 /* Release */,
			);
			defaultConfigurationIsVisible = 0;
			defaultConfigurationName = Release;
		};
		4E021FA42A850BE600B26C11 /* Build configuration list for PBXNativeTarget "ObjectsTests" */ = {
			isa = XCConfigurationList;
			buildConfigurations = (
				4E021FA52A850BE600B26C11 /* Debug */,
				4E021FA62A850BE600B26C11 /* Release */,
			);
			defaultConfigurationIsVisible = 0;
			defaultConfigurationName = Release;
		};
		4E021FA72A850BE600B26C11 /* Build configuration list for PBXNativeTarget "ObjectsUITests" */ = {
			isa = XCConfigurationList;
			buildConfigurations = (
				4E021FA82A850BE600B26C11 /* Debug */,
				4E021FA92A850BE600B26C11 /* Release */,
			);
			defaultConfigurationIsVisible = 0;
			defaultConfigurationName = Release;
		};
/* End XCConfigurationList section */
	};
	rootObject = 4E021F702A850BE300B26C11 /* Project object */;
}
