// !$*UTF8*$!
{
	archiveVersion = 1;
	classes = {
	};
	objectVersion = 56;
	objects = {

/* Begin PBXBuildFile section */
		4E0221902A850D6000B26C11 /* AppDelegate.m in Sources */ = {isa = PBXBuildFile; fileRef = 4E02218F2A850D6000B26C11 /* AppDelegate.m */; };
		4E0221932A850D6000B26C11 /* ViewController.m in Sources */ = {isa = PBXBuildFile; fileRef = 4E0221922A850D6000B26C11 /* ViewController.m */; };
		4E0221952A850D6100B26C11 /* Assets.xcassets in Resources */ = {isa = PBXBuildFile; fileRef = 4E0221942A850D6100B26C11 /* Assets.xcassets */; };
		4E0221982A850D6100B26C11 /* Main.storyboard in Resources */ = {isa = PBXBuildFile; fileRef = 4E0221962A850D6100B26C11 /* Main.storyboard */; };
		4E02219A2A850D6100B26C11 /* main.m in Sources */ = {isa = PBXBuildFile; fileRef = 4E0221992A850D6100B26C11 /* main.m */; };
		4E0221A52A850D6200B26C11 /* Preventing_Memory_LeaksTests.m in Sources */ = {isa = PBXBuildFile; fileRef = 4E0221A42A850D6200B26C11 /* Preventing_Memory_LeaksTests.m */; };
		4E0221AF2A850D6200B26C11 /* Preventing_Memory_LeaksUITests.m in Sources */ = {isa = PBXBuildFile; fileRef = 4E0221AE2A850D6200B26C11 /* Preventing_Memory_LeaksUITests.m */; };
		4E0221B12A850D6200B26C11 /* Preventing_Memory_LeaksUITestsLaunchTests.m in Sources */ = {isa = PBXBuildFile; fileRef = 4E0221B02A850D6200B26C11 /* Preventing_Memory_LeaksUITestsLaunchTests.m */; };
/* End PBXBuildFile section */

/* Begin PBXContainerItemProxy section */
		4E0221A12A850D6200B26C11 /* PBXContainerItemProxy */ = {
			isa = PBXContainerItemProxy;
			containerPortal = 4E0221832A850D6000B26C11 /* Project object */;
			proxyType = 1;
			remoteGlobalIDString = 4E02218A2A850D6000B26C11;
			remoteInfo = "Preventing-Memory-Leaks";
		};
		4E0221AB2A850D6200B26C11 /* PBXContainerItemProxy */ = {
			isa = PBXContainerItemProxy;
			containerPortal = 4E0221832A850D6000B26C11 /* Project object */;
			proxyType = 1;
			remoteGlobalIDString = 4E02218A2A850D6000B26C11;
			remoteInfo = "Preventing-Memory-Leaks";
		};
/* End PBXContainerItemProxy section */

/* Begin PBXFileReference section */
		4E02218B2A850D6000B26C11 /* Preventing-Memory-Leaks.app */ = {isa = PBXFileReference; explicitFileType = wrapper.application; includeInIndex = 0; path = "Preventing-Memory-Leaks.app"; sourceTree = BUILT_PRODUCTS_DIR; };
		4E02218E2A850D6000B26C11 /* AppDelegate.h */ = {isa = PBXFileReference; lastKnownFileType = sourcecode.c.h; path = AppDelegate.h; sourceTree = "<group>"; };
		4E02218F2A850D6000B26C11 /* AppDelegate.m */ = {isa = PBXFileReference; lastKnownFileType = sourcecode.c.objc; path = AppDelegate.m; sourceTree = "<group>"; };
		4E0221912A850D6000B26C11 /* ViewController.h */ = {isa = PBXFileReference; lastKnownFileType = sourcecode.c.h; path = ViewController.h; sourceTree = "<group>"; };
		4E0221922A850D6000B26C11 /* ViewController.m */ = {isa = PBXFileReference; lastKnownFileType = sourcecode.c.objc; path = ViewController.m; sourceTree = "<group>"; };
		4E0221942A850D6100B26C11 /* Assets.xcassets */ = {isa = PBXFileReference; lastKnownFileType = folder.assetcatalog; path = Assets.xcassets; sourceTree = "<group>"; };
		4E0221972A850D6100B26C11 /* Base */ = {isa = PBXFileReference; lastKnownFileType = file.storyboard; name = Base; path = Base.lproj/Main.storyboard; sourceTree = "<group>"; };
		4E0221992A850D6100B26C11 /* main.m */ = {isa = PBXFileReference; lastKnownFileType = sourcecode.c.objc; path = main.m; sourceTree = "<group>"; };
		4E02219B2A850D6100B26C11 /* Preventing_Memory_Leaks.entitlements */ = {isa = PBXFileReference; lastKnownFileType = text.plist.entitlements; path = Preventing_Memory_Leaks.entitlements; sourceTree = "<group>"; };
		4E0221A02A850D6200B26C11 /* Preventing-Memory-LeaksTests.xctest */ = {isa = PBXFileReference; explicitFileType = wrapper.cfbundle; includeInIndex = 0; path = "Preventing-Memory-LeaksTests.xctest"; sourceTree = BUILT_PRODUCTS_DIR; };
		4E0221A42A850D6200B26C11 /* Preventing_Memory_LeaksTests.m */ = {isa = PBXFileReference; lastKnownFileType = sourcecode.c.objc; path = Preventing_Memory_LeaksTests.m; sourceTree = "<group>"; };
		4E0221AA2A850D6200B26C11 /* Preventing-Memory-LeaksUITests.xctest */ = {isa = PBXFileReference; explicitFileType = wrapper.cfbundle; includeInIndex = 0; path = "Preventing-Memory-LeaksUITests.xctest"; sourceTree = BUILT_PRODUCTS_DIR; };
		4E0221AE2A850D6200B26C11 /* Preventing_Memory_LeaksUITests.m */ = {isa = PBXFileReference; lastKnownFileType = sourcecode.c.objc; path = Preventing_Memory_LeaksUITests.m; sourceTree = "<group>"; };
		4E0221B02A850D6200B26C11 /* Preventing_Memory_LeaksUITestsLaunchTests.m */ = {isa = PBXFileReference; lastKnownFileType = sourcecode.c.objc; path = Preventing_Memory_LeaksUITestsLaunchTests.m; sourceTree = "<group>"; };
/* End PBXFileReference section */

/* Begin PBXFrameworksBuildPhase section */
		4E0221882A850D6000B26C11 /* Frameworks */ = {
			isa = PBXFrameworksBuildPhase;
			buildActionMask = 2147483647;
			files = (
			);
			runOnlyForDeploymentPostprocessing = 0;
		};
		4E02219D2A850D6200B26C11 /* Frameworks */ = {
			isa = PBXFrameworksBuildPhase;
			buildActionMask = 2147483647;
			files = (
			);
			runOnlyForDeploymentPostprocessing = 0;
		};
		4E0221A72A850D6200B26C11 /* Frameworks */ = {
			isa = PBXFrameworksBuildPhase;
			buildActionMask = 2147483647;
			files = (
			);
			runOnlyForDeploymentPostprocessing = 0;
		};
/* End PBXFrameworksBuildPhase section */

/* Begin PBXGroup section */
		4E0221822A850D6000B26C11 = {
			isa = PBXGroup;
			children = (
				4E02218D2A850D6000B26C11 /* Preventing-Memory-Leaks */,
				4E0221A32A850D6200B26C11 /* Preventing-Memory-LeaksTests */,
				4E0221AD2A850D6200B26C11 /* Preventing-Memory-LeaksUITests */,
				4E02218C2A850D6000B26C11 /* Products */,
			);
			sourceTree = "<group>";
		};
		4E02218C2A850D6000B26C11 /* Products */ = {
			isa = PBXGroup;
			children = (
				4E02218B2A850D6000B26C11 /* Preventing-Memory-Leaks.app */,
				4E0221A02A850D6200B26C11 /* Preventing-Memory-LeaksTests.xctest */,
				4E0221AA2A850D6200B26C11 /* Preventing-Memory-LeaksUITests.xctest */,
			);
			name = Products;
			sourceTree = "<group>";
		};
		4E02218D2A850D6000B26C11 /* Preventing-Memory-Leaks */ = {
			isa = PBXGroup;
			children = (
				4E02218E2A850D6000B26C11 /* AppDelegate.h */,
				4E02218F2A850D6000B26C11 /* AppDelegate.m */,
				4E0221912A850D6000B26C11 /* ViewController.h */,
				4E0221922A850D6000B26C11 /* ViewController.m */,
				4E0221942A850D6100B26C11 /* Assets.xcassets */,
				4E0221962A850D6100B26C11 /* Main.storyboard */,
				4E0221992A850D6100B26C11 /* main.m */,
				4E02219B2A850D6100B26C11 /* Preventing_Memory_Leaks.entitlements */,
			);
			path = "Preventing-Memory-Leaks";
			sourceTree = "<group>";
		};
		4E0221A32A850D6200B26C11 /* Preventing-Memory-LeaksTests */ = {
			isa = PBXGroup;
			children = (
				4E0221A42A850D6200B26C11 /* Preventing_Memory_LeaksTests.m */,
			);
			path = "Preventing-Memory-LeaksTests";
			sourceTree = "<group>";
		};
		4E0221AD2A850D6200B26C11 /* Preventing-Memory-LeaksUITests */ = {
			isa = PBXGroup;
			children = (
				4E0221AE2A850D6200B26C11 /* Preventing_Memory_LeaksUITests.m */,
				4E0221B02A850D6200B26C11 /* Preventing_Memory_LeaksUITestsLaunchTests.m */,
			);
			path = "Preventing-Memory-LeaksUITests";
			sourceTree = "<group>";
		};
/* End PBXGroup section */

/* Begin PBXNativeTarget section */
		4E02218A2A850D6000B26C11 /* Preventing-Memory-Leaks */ = {
			isa = PBXNativeTarget;
			buildConfigurationList = 4E0221B42A850D6200B26C11 /* Build configuration list for PBXNativeTarget "Preventing-Memory-Leaks" */;
			buildPhases = (
				4E0221872A850D6000B26C11 /* Sources */,
				4E0221882A850D6000B26C11 /* Frameworks */,
				4E0221892A850D6000B26C11 /* Resources */,
			);
			buildRules = (
			);
			dependencies = (
			);
			name = "Preventing-Memory-Leaks";
			productName = "Preventing-Memory-Leaks";
			productReference = 4E02218B2A850D6000B26C11 /* Preventing-Memory-Leaks.app */;
			productType = "com.apple.product-type.application";
		};
		4E02219F2A850D6200B26C11 /* Preventing-Memory-LeaksTests */ = {
			isa = PBXNativeTarget;
			buildConfigurationList = 4E0221B72A850D6200B26C11 /* Build configuration list for PBXNativeTarget "Preventing-Memory-LeaksTests" */;
			buildPhases = (
				4E02219C2A850D6200B26C11 /* Sources */,
				4E02219D2A850D6200B26C11 /* Frameworks */,
				4E02219E2A850D6200B26C11 /* Resources */,
			);
			buildRules = (
			);
			dependencies = (
				4E0221A22A850D6200B26C11 /* PBXTargetDependency */,
			);
			name = "Preventing-Memory-LeaksTests";
			productName = "Preventing-Memory-LeaksTests";
			productReference = 4E0221A02A850D6200B26C11 /* Preventing-Memory-LeaksTests.xctest */;
			productType = "com.apple.product-type.bundle.unit-test";
		};
		4E0221A92A850D6200B26C11 /* Preventing-Memory-LeaksUITests */ = {
			isa = PBXNativeTarget;
			buildConfigurationList = 4E0221BA2A850D6200B26C11 /* Build configuration list for PBXNativeTarget "Preventing-Memory-LeaksUITests" */;
			buildPhases = (
				4E0221A62A850D6200B26C11 /* Sources */,
				4E0221A72A850D6200B26C11 /* Frameworks */,
				4E0221A82A850D6200B26C11 /* Resources */,
			);
			buildRules = (
			);
			dependencies = (
				4E0221AC2A850D6200B26C11 /* PBXTargetDependency */,
			);
			name = "Preventing-Memory-LeaksUITests";
			productName = "Preventing-Memory-LeaksUITests";
			productReference = 4E0221AA2A850D6200B26C11 /* Preventing-Memory-LeaksUITests.xctest */;
			productType = "com.apple.product-type.bundle.ui-testing";
		};
/* End PBXNativeTarget section */

/* Begin PBXProject section */
		4E0221832A850D6000B26C11 /* Project object */ = {
			isa = PBXProject;
			attributes = {
				BuildIndependentTargetsInParallel = 1;
				LastUpgradeCheck = 1420;
				TargetAttributes = {
					4E02218A2A850D6000B26C11 = {
						CreatedOnToolsVersion = 14.2;
					};
					4E02219F2A850D6200B26C11 = {
						CreatedOnToolsVersion = 14.2;
						TestTargetID = 4E02218A2A850D6000B26C11;
					};
					4E0221A92A850D6200B26C11 = {
						CreatedOnToolsVersion = 14.2;
						TestTargetID = 4E02218A2A850D6000B26C11;
					};
				};
			};
			buildConfigurationList = 4E0221862A850D6000B26C11 /* Build configuration list for PBXProject "Preventing-Memory-Leaks" */;
			compatibilityVersion = "Xcode 14.0";
			developmentRegion = en;
			hasScannedForEncodings = 0;
			knownRegions = (
				en,
				Base,
			);
			mainGroup = 4E0221822A850D6000B26C11;
			productRefGroup = 4E02218C2A850D6000B26C11 /* Products */;
			projectDirPath = "";
			projectRoot = "";
			targets = (
				4E02218A2A850D6000B26C11 /* Preventing-Memory-Leaks */,
				4E02219F2A850D6200B26C11 /* Preventing-Memory-LeaksTests */,
				4E0221A92A850D6200B26C11 /* Preventing-Memory-LeaksUITests */,
			);
		};
/* End PBXProject section */

/* Begin PBXResourcesBuildPhase section */
		4E0221892A850D6000B26C11 /* Resources */ = {
			isa = PBXResourcesBuildPhase;
			buildActionMask = 2147483647;
			files = (
				4E0221952A850D6100B26C11 /* Assets.xcassets in Resources */,
				4E0221982A850D6100B26C11 /* Main.storyboard in Resources */,
			);
			runOnlyForDeploymentPostprocessing = 0;
		};
		4E02219E2A850D6200B26C11 /* Resources */ = {
			isa = PBXResourcesBuildPhase;
			buildActionMask = 2147483647;
			files = (
			);
			runOnlyForDeploymentPostprocessing = 0;
		};
		4E0221A82A850D6200B26C11 /* Resources */ = {
			isa = PBXResourcesBuildPhase;
			buildActionMask = 2147483647;
			files = (
			);
			runOnlyForDeploymentPostprocessing = 0;
		};
/* End PBXResourcesBuildPhase section */

/* Begin PBXSourcesBuildPhase section */
		4E0221872A850D6000B26C11 /* Sources */ = {
			isa = PBXSourcesBuildPhase;
			buildActionMask = 2147483647;
			files = (
				4E0221932A850D6000B26C11 /* ViewController.m in Sources */,
				4E02219A2A850D6100B26C11 /* main.m in Sources */,
				4E0221902A850D6000B26C11 /* AppDelegate.m in Sources */,
			);
			runOnlyForDeploymentPostprocessing = 0;
		};
		4E02219C2A850D6200B26C11 /* Sources */ = {
			isa = PBXSourcesBuildPhase;
			buildActionMask = 2147483647;
			files = (
				4E0221A52A850D6200B26C11 /* Preventing_Memory_LeaksTests.m in Sources */,
			);
			runOnlyForDeploymentPostprocessing = 0;
		};
		4E0221A62A850D6200B26C11 /* Sources */ = {
			isa = PBXSourcesBuildPhase;
			buildActionMask = 2147483647;
			files = (
				4E0221B12A850D6200B26C11 /* Preventing_Memory_LeaksUITestsLaunchTests.m in Sources */,
				4E0221AF2A850D6200B26C11 /* Preventing_Memory_LeaksUITests.m in Sources */,
			);
			runOnlyForDeploymentPostprocessing = 0;
		};
/* End PBXSourcesBuildPhase section */

/* Begin PBXTargetDependency section */
		4E0221A22A850D6200B26C11 /* PBXTargetDependency */ = {
			isa = PBXTargetDependency;
			target = 4E02218A2A850D6000B26C11 /* Preventing-Memory-Leaks */;
			targetProxy = 4E0221A12A850D6200B26C11 /* PBXContainerItemProxy */;
		};
		4E0221AC2A850D6200B26C11 /* PBXTargetDependency */ = {
			isa = PBXTargetDependency;
			target = 4E02218A2A850D6000B26C11 /* Preventing-Memory-Leaks */;
			targetProxy = 4E0221AB2A850D6200B26C11 /* PBXContainerItemProxy */;
		};
/* End PBXTargetDependency section */

/* Begin PBXVariantGroup section */
		4E0221962A850D6100B26C11 /* Main.storyboard */ = {
			isa = PBXVariantGroup;
			children = (
				4E0221972A850D6100B26C11 /* Base */,
			);
			name = Main.storyboard;
			sourceTree = "<group>";
		};
/* End PBXVariantGroup section */

/* Begin XCBuildConfiguration section */
		4E0221B22A850D6200B26C11 /* Debug */ = {
			isa = XCBuildConfiguration;
			buildSettings = {
				ALWAYS_SEARCH_USER_PATHS = NO;
				CLANG_ANALYZER_NONNULL = YES;
				CLANG_ANALYZER_NUMBER_OBJECT_CONVERSION = YES_AGGRESSIVE;
				CLANG_CXX_LANGUAGE_STANDARD = "gnu++20";
				CLANG_ENABLE_MODULES = YES;
				CLANG_ENABLE_OBJC_ARC = YES;
				CLANG_ENABLE_OBJC_WEAK = YES;
				CLANG_WARN_BLOCK_CAPTURE_AUTORELEASING = YES;
				CLANG_WARN_BOOL_CONVERSION = YES;
				CLANG_WARN_COMMA = YES;
				CLANG_WARN_CONSTANT_CONVERSION = YES;
				CLANG_WARN_DEPRECATED_OBJC_IMPLEMENTATIONS = YES;
				CLANG_WARN_DIRECT_OBJC_ISA_USAGE = YES_ERROR;
				CLANG_WARN_DOCUMENTATION_COMMENTS = YES;
				CLANG_WARN_EMPTY_BODY = YES;
				CLANG_WARN_ENUM_CONVERSION = YES;
				CLANG_WARN_INFINITE_RECURSION = YES;
				CLANG_WARN_INT_CONVERSION = YES;
				CLANG_WARN_NON_LITERAL_NULL_CONVERSION = YES;
				CLANG_WARN_OBJC_IMPLICIT_RETAIN_SELF = YES;
				CLANG_WARN_OBJC_LITERAL_CONVERSION = YES;
				CLANG_WARN_OBJC_ROOT_CLASS = YES_ERROR;
				CLANG_WARN_QUOTED_INCLUDE_IN_FRAMEWORK_HEADER = YES;
				CLANG_WARN_RANGE_LOOP_ANALYSIS = YES;
				CLANG_WARN_STRICT_PROTOTYPES = YES;
				CLANG_WARN_SUSPICIOUS_MOVE = YES;
				CLANG_WARN_UNGUARDED_AVAILABILITY = YES_AGGRESSIVE;
				CLANG_WARN_UNREACHABLE_CODE = YES;
				CLANG_WARN__DUPLICATE_METHOD_MATCH = YES;
				COPY_PHASE_STRIP = NO;
				DEBUG_INFORMATION_FORMAT = dwarf;
				ENABLE_STRICT_OBJC_MSGSEND = YES;
				ENABLE_TESTABILITY = YES;
				GCC_C_LANGUAGE_STANDARD = gnu11;
				GCC_DYNAMIC_NO_PIC = NO;
				GCC_NO_COMMON_BLOCKS = YES;
				GCC_OPTIMIZATION_LEVEL = 0;
				GCC_PREPROCESSOR_DEFINITIONS = (
					"DEBUG=1",
					"$(inherited)",
				);
				GCC_WARN_64_TO_32_BIT_CONVERSION = YES;
				GCC_WARN_ABOUT_RETURN_TYPE = YES_ERROR;
				GCC_WARN_UNDECLARED_SELECTOR = YES;
				GCC_WARN_UNINITIALIZED_AUTOS = YES_AGGRESSIVE;
				GCC_WARN_UNUSED_FUNCTION = YES;
				GCC_WARN_UNUSED_VARIABLE = YES;
				MACOSX_DEPLOYMENT_TARGET = 13.1;
				MTL_ENABLE_DEBUG_INFO = INCLUDE_SOURCE;
				MTL_FAST_MATH = YES;
				ONLY_ACTIVE_ARCH = YES;
				SDKROOT = macosx;
			};
			name = Debug;
		};
		4E0221B32A850D6200B26C11 /* Release */ = {
			isa = XCBuildConfiguration;
			buildSettings = {
				ALWAYS_SEARCH_USER_PATHS = NO;
				CLANG_ANALYZER_NONNULL = YES;
				CLANG_ANALYZER_NUMBER_OBJECT_CONVERSION = YES_AGGRESSIVE;
				CLANG_CXX_LANGUAGE_STANDARD = "gnu++20";
				CLANG_ENABLE_MODULES = YES;
				CLANG_ENABLE_OBJC_ARC = YES;
				CLANG_ENABLE_OBJC_WEAK = YES;
				CLANG_WARN_BLOCK_CAPTURE_AUTORELEASING = YES;
				CLANG_WARN_BOOL_CONVERSION = YES;
				CLANG_WARN_COMMA = YES;
				CLANG_WARN_CONSTANT_CONVERSION = YES;
				CLANG_WARN_DEPRECATED_OBJC_IMPLEMENTATIONS = YES;
				CLANG_WARN_DIRECT_OBJC_ISA_USAGE = YES_ERROR;
				CLANG_WARN_DOCUMENTATION_COMMENTS = YES;
				CLANG_WARN_EMPTY_BODY = YES;
				CLANG_WARN_ENUM_CONVERSION = YES;
				CLANG_WARN_INFINITE_RECURSION = YES;
				CLANG_WARN_INT_CONVERSION = YES;
				CLANG_WARN_NON_LITERAL_NULL_CONVERSION = YES;
				CLANG_WARN_OBJC_IMPLICIT_RETAIN_SELF = YES;
				CLANG_WARN_OBJC_LITERAL_CONVERSION = YES;
				CLANG_WARN_OBJC_ROOT_CLASS = YES_ERROR;
				CLANG_WARN_QUOTED_INCLUDE_IN_FRAMEWORK_HEADER = YES;
				CLANG_WARN_RANGE_LOOP_ANALYSIS = YES;
				CLANG_WARN_STRICT_PROTOTYPES = YES;
				CLANG_WARN_SUSPICIOUS_MOVE = YES;
				CLANG_WARN_UNGUARDED_AVAILABILITY = YES_AGGRESSIVE;
				CLANG_WARN_UNREACHABLE_CODE = YES;
				CLANG_WARN__DUPLICATE_METHOD_MATCH = YES;
				COPY_PHASE_STRIP = NO;
				DEBUG_INFORMATION_FORMAT = "dwarf-with-dsym";
				ENABLE_NS_ASSERTIONS = NO;
				ENABLE_STRICT_OBJC_MSGSEND = YES;
				GCC_C_LANGUAGE_STANDARD = gnu11;
				GCC_NO_COMMON_BLOCKS = YES;
				GCC_WARN_64_TO_32_BIT_CONVERSION = YES;
				GCC_WARN_ABOUT_RETURN_TYPE = YES_ERROR;
				GCC_WARN_UNDECLARED_SELECTOR = YES;
				GCC_WARN_UNINITIALIZED_AUTOS = YES_AGGRESSIVE;
				GCC_WARN_UNUSED_FUNCTION = YES;
				GCC_WARN_UNUSED_VARIABLE = YES;
				MACOSX_DEPLOYMENT_TARGET = 13.1;
				MTL_ENABLE_DEBUG_INFO = NO;
				MTL_FAST_MATH = YES;
				SDKROOT = macosx;
			};
			name = Release;
		};
		4E0221B52A850D6200B26C11 /* Debug */ = {
			isa = XCBuildConfiguration;
			buildSettings = {
				ASSETCATALOG_COMPILER_APPICON_NAME = AppIcon;
				ASSETCATALOG_COMPILER_GLOBAL_ACCENT_COLOR_NAME = AccentColor;
				CODE_SIGN_ENTITLEMENTS = "Preventing-Memory-Leaks/Preventing_Memory_Leaks.entitlements";
				CODE_SIGN_STYLE = Automatic;
				COMBINE_HIDPI_IMAGES = YES;
				CURRENT_PROJECT_VERSION = 1;
				GENERATE_INFOPLIST_FILE = YES;
				INFOPLIST_KEY_NSHumanReadableCopyright = "";
				INFOPLIST_KEY_NSMainStoryboardFile = Main;
				INFOPLIST_KEY_NSPrincipalClass = NSApplication;
				LD_RUNPATH_SEARCH_PATHS = (
					"$(inherited)",
					"@executable_path/../Frameworks",
				);
				MARKETING_VERSION = 1.0;
				PRODUCT_BUNDLE_IDENTIFIER = "thisisibukunoluwa.Preventing-Memory-Leaks";
				PRODUCT_NAME = "$(TARGET_NAME)";
				SWIFT_EMIT_LOC_STRINGS = YES;
			};
			name = Debug;
		};
		4E0221B62A850D6200B26C11 /* Release */ = {
			isa = XCBuildConfiguration;
			buildSettings = {
				ASSETCATALOG_COMPILER_APPICON_NAME = AppIcon;
				ASSETCATALOG_COMPILER_GLOBAL_ACCENT_COLOR_NAME = AccentColor;
				CODE_SIGN_ENTITLEMENTS = "Preventing-Memory-Leaks/Preventing_Memory_Leaks.entitlements";
				CODE_SIGN_STYLE = Automatic;
				COMBINE_HIDPI_IMAGES = YES;
				CURRENT_PROJECT_VERSION = 1;
				GENERATE_INFOPLIST_FILE = YES;
				INFOPLIST_KEY_NSHumanReadableCopyright = "";
				INFOPLIST_KEY_NSMainStoryboardFile = Main;
				INFOPLIST_KEY_NSPrincipalClass = NSApplication;
				LD_RUNPATH_SEARCH_PATHS = (
					"$(inherited)",
					"@executable_path/../Frameworks",
				);
				MARKETING_VERSION = 1.0;
				PRODUCT_BUNDLE_IDENTIFIER = "thisisibukunoluwa.Preventing-Memory-Leaks";
				PRODUCT_NAME = "$(TARGET_NAME)";
				SWIFT_EMIT_LOC_STRINGS = YES;
			};
			name = Release;
		};
		4E0221B82A850D6200B26C11 /* Debug */ = {
			isa = XCBuildConfiguration;
			buildSettings = {
				BUNDLE_LOADER = "$(TEST_HOST)";
				CODE_SIGN_STYLE = Automatic;
				CURRENT_PROJECT_VERSION = 1;
				GENERATE_INFOPLIST_FILE = YES;
				MACOSX_DEPLOYMENT_TARGET = 13.1;
				MARKETING_VERSION = 1.0;
				PRODUCT_BUNDLE_IDENTIFIER = "thisisibukunoluwa.Preventing-Memory-LeaksTests";
				PRODUCT_NAME = "$(TARGET_NAME)";
				SWIFT_EMIT_LOC_STRINGS = NO;
				TEST_HOST = "$(BUILT_PRODUCTS_DIR)/Preventing-Memory-Leaks.app/$(BUNDLE_EXECUTABLE_FOLDER_PATH)/Preventing-Memory-Leaks";
			};
			name = Debug;
		};
		4E0221B92A850D6200B26C11 /* Release */ = {
			isa = XCBuildConfiguration;
			buildSettings = {
				BUNDLE_LOADER = "$(TEST_HOST)";
				CODE_SIGN_STYLE = Automatic;
				CURRENT_PROJECT_VERSION = 1;
				GENERATE_INFOPLIST_FILE = YES;
				MACOSX_DEPLOYMENT_TARGET = 13.1;
				MARKETING_VERSION = 1.0;
				PRODUCT_BUNDLE_IDENTIFIER = "thisisibukunoluwa.Preventing-Memory-LeaksTests";
				PRODUCT_NAME = "$(TARGET_NAME)";
				SWIFT_EMIT_LOC_STRINGS = NO;
				TEST_HOST = "$(BUILT_PRODUCTS_DIR)/Preventing-Memory-Leaks.app/$(BUNDLE_EXECUTABLE_FOLDER_PATH)/Preventing-Memory-Leaks";
			};
			name = Release;
		};
		4E0221BB2A850D6200B26C11 /* Debug */ = {
			isa = XCBuildConfiguration;
			buildSettings = {
				CODE_SIGN_STYLE = Automatic;
				CURRENT_PROJECT_VERSION = 1;
				GENERATE_INFOPLIST_FILE = YES;
				MARKETING_VERSION = 1.0;
				PRODUCT_BUNDLE_IDENTIFIER = "thisisibukunoluwa.Preventing-Memory-LeaksUITests";
				PRODUCT_NAME = "$(TARGET_NAME)";
				SWIFT_EMIT_LOC_STRINGS = NO;
				TEST_TARGET_NAME = "Preventing-Memory-Leaks";
			};
			name = Debug;
		};
		4E0221BC2A850D6200B26C11 /* Release */ = {
			isa = XCBuildConfiguration;
			buildSettings = {
				CODE_SIGN_STYLE = Automatic;
				CURRENT_PROJECT_VERSION = 1;
				GENERATE_INFOPLIST_FILE = YES;
				MARKETING_VERSION = 1.0;
				PRODUCT_BUNDLE_IDENTIFIER = "thisisibukunoluwa.Preventing-Memory-LeaksUITests";
				PRODUCT_NAME = "$(TARGET_NAME)";
				SWIFT_EMIT_LOC_STRINGS = NO;
				TEST_TARGET_NAME = "Preventing-Memory-Leaks";
			};
			name = Release;
		};
/* End XCBuildConfiguration section */

/* Begin XCConfigurationList section */
		4E0221862A850D6000B26C11 /* Build configuration list for PBXProject "Preventing-Memory-Leaks" */ = {
			isa = XCConfigurationList;
			buildConfigurations = (
				4E0221B22A850D6200B26C11 /* Debug */,
				4E0221B32A850D6200B26C11 /* Release */,
			);
			defaultConfigurationIsVisible = 0;
			defaultConfigurationName = Release;
		};
		4E0221B42A850D6200B26C11 /* Build configuration list for PBXNativeTarget "Preventing-Memory-Leaks" */ = {
			isa = XCConfigurationList;
			buildConfigurations = (
				4E0221B52A850D6200B26C11 /* Debug */,
				4E0221B62A850D6200B26C11 /* Release */,
			);
			defaultConfigurationIsVisible = 0;
			defaultConfigurationName = Release;
		};
		4E0221B72A850D6200B26C11 /* Build configuration list for PBXNativeTarget "Preventing-Memory-LeaksTests" */ = {
			isa = XCConfigurationList;
			buildConfigurations = (
				4E0221B82A850D6200B26C11 /* Debug */,
				4E0221B92A850D6200B26C11 /* Release */,
			);
			defaultConfigurationIsVisible = 0;
			defaultConfigurationName = Release;
		};
		4E0221BA2A850D6200B26C11 /* Build configuration list for PBXNativeTarget "Preventing-Memory-LeaksUITests" */ = {
			isa = XCConfigurationList;
			buildConfigurations = (
				4E0221BB2A850D6200B26C11 /* Debug */,
				4E0221BC2A850D6200B26C11 /* Release */,
			);
			defaultConfigurationIsVisible = 0;
			defaultConfigurationName = Release;
		};
/* End XCConfigurationList section */
	};
	rootObject = 4E0221832A850D6000B26C11 /* Project object */;
}
